{
  "object": {
    "pins": [
      {
        "package": "FileWatcher",
        "repositoryURL": "https://github.com/eonist/FileWatcher",
        "state": {
          "branch": null,
          "revision": "e67c2a99502eade343fecabeca8c57e749a55b59",
          "version": "0.2.3"
        }
      },
      {
        "package": "GrammaticalNumber",
        "repositoryURL": "https://github.com/Cosmo/GrammaticalNumber",
        "state": {
          "branch": null,
          "revision": "3827665bd38a0fd5f215220b26c92df876539af0",
          "version": "0.0.3"
        }
      },
      {
        "package": "OpenAPIKit",
        "repositoryURL": "https://github.com/mattpolzin/OpenAPIKit",
        "state": {
          "branch": null,
          "revision": "343b2c1793058fcc53c1bd7e2907f8e3a4d640fb",
          "version": "3.9.0"
        }
      },
      {
        "package": "swift-argument-parser",
        "repositoryURL": "https://github.com/apple/swift-argument-parser",
        "state": {
          "branch": null,
          "revision": "df9ee6676cd5b3bf5b330ec7568a5644f547201b",
          "version": "1.1.3"
        }
      },
      {
        "package": "swift-configuration-parser",
        "repositoryURL": "https://github.com/liamnichols/swift-configuration-parser",
        "state": {
          "branch": null,
          "revision": "73ce739739c4a9d9881d5b41c54e7c98a6127d74",
          "version": "0.0.4"
        }
      },
      {
        "package": "Yams",
        "repositoryURL": "https://github.com/jpsim/Yams",
        "state": {
          "branch": null,
          "revision": "3d6871d5b4a5cd519adf233fbb576e0a2af71c17",
          "version": "5.4.0"
        }
      }
    ]
  },
  "version": 1
}
